// !$*UTF8*$!
{
	archiveVersion = 1;
	classes = {
	};
	objectVersion = 46;
	objects = {

/* Begin PBXBuildFile section */
		B28D143016FDDD7000CC1825 /* UIKit.framework in Frameworks */ = {isa = PBXBuildFile; fileRef = B28D142F16FDDD7000CC1825 /* UIKit.framework */; };
		B28D143216FDDD7000CC1825 /* Foundation.framework in Frameworks */ = {isa = PBXBuildFile; fileRef = B28D143116FDDD7000CC1825 /* Foundation.framework */; };
		B28D143416FDDD7000CC1825 /* CoreGraphics.framework in Frameworks */ = {isa = PBXBuildFile; fileRef = B28D143316FDDD7000CC1825 /* CoreGraphics.framework */; };
		B28D143A16FDDD7000CC1825 /* InfoPlist.strings in Resources */ = {isa = PBXBuildFile; fileRef = B28D143816FDDD7000CC1825 /* InfoPlist.strings */; };
		B28D143C16FDDD7000CC1825 /* main.m in Sources */ = {isa = PBXBuildFile; fileRef = B28D143B16FDDD7000CC1825 /* main.m */; };
		B28D144016FDDD7000CC1825 /* AppDelegate.m in Sources */ = {isa = PBXBuildFile; fileRef = B28D143F16FDDD7000CC1825 /* AppDelegate.m */; };
		B28D144216FDDD7000CC1825 /* Default.png in Resources */ = {isa = PBXBuildFile; fileRef = B28D144116FDDD7000CC1825 /* Default.png */; };
		B28D144416FDDD7000CC1825 /* Default@2x.png in Resources */ = {isa = PBXBuildFile; fileRef = B28D144316FDDD7000CC1825 /* Default@2x.png */; };
		B28D144616FDDD7000CC1825 /* Default-568h@2x.png in Resources */ = {isa = PBXBuildFile; fileRef = B28D144516FDDD7000CC1825 /* Default-568h@2x.png */; };
		B28D144916FDDD7000CC1825 /* ViewController.m in Sources */ = {isa = PBXBuildFile; fileRef = B28D144816FDDD7000CC1825 /* ViewController.m */; };
		B28D144C16FDDD7000CC1825 /* ViewController.xib in Resources */ = {isa = PBXBuildFile; fileRef = B28D144A16FDDD7000CC1825 /* ViewController.xib */; };
/* End PBXBuildFile section */

/* Begin PBXFileReference section */
		B28D142C16FDDD7000CC1825 /* RGBSlider.app */ = {isa = PBXFileReference; explicitFileType = wrapper.application; includeInIndex = 0; path = RGBSlider.app; sourceTree = BUILT_PRODUCTS_DIR; };
		B28D142F16FDDD7000CC1825 /* UIKit.framework */ = {isa = PBXFileReference; lastKnownFileType = wrapper.framework; name = UIKit.framework; path = System/Library/Frameworks/UIKit.framework; sourceTree = SDKROOT; };
		B28D143116FDDD7000CC1825 /* Foundation.framework */ = {isa = PBXFileReference; lastKnownFileType = wrapper.framework; name = Foundation.framework; path = System/Library/Frameworks/Foundation.framework; sourceTree = SDKROOT; };
		B28D143316FDDD7000CC1825 /* CoreGraphics.framework */ = {isa = PBXFileReference; lastKnownFileType = wrapper.framework; name = CoreGraphics.framework; path = System/Library/Frameworks/CoreGraphics.framework; sourceTree = SDKROOT; };
		B28D143716FDDD7000CC1825 /* RGBSlider-Info.plist */ = {isa = PBXFileReference; lastKnownFileType = text.plist.xml; path = "RGBSlider-Info.plist"; sourceTree = "<group>"; };
		B28D143916FDDD7000CC1825 /* en */ = {isa = PBXFileReference; lastKnownFileType = text.plist.strings; name = en; path = en.lproj/InfoPlist.strings; sourceTree = "<group>"; };
		B28D143B16FDDD7000CC1825 /* main.m */ = {isa = PBXFileReference; lastKnownFileType = sourcecode.c.objc; path = main.m; sourceTree = "<group>"; };
		B28D143D16FDDD7000CC1825 /* RGBSlider-Prefix.pch */ = {isa = PBXFileReference; lastKnownFileType = sourcecode.c.h; path = "RGBSlider-Prefix.pch"; sourceTree = "<group>"; };
		B28D143E16FDDD7000CC1825 /* AppDelegate.h */ = {isa = PBXFileReference; lastKnownFileType = sourcecode.c.h; path = AppDelegate.h; sourceTree = "<group>"; };
		B28D143F16FDDD7000CC1825 /* AppDelegate.m */ = {isa = PBXFileReference; lastKnownFileType = sourcecode.c.objc; path = AppDelegate.m; sourceTree = "<group>"; };
		B28D144116FDDD7000CC1825 /* Default.png */ = {isa = PBXFileReference; lastKnownFileType = image.png; path = Default.png; sourceTree = "<group>"; };
		B28D144316FDDD7000CC1825 /* Default@2x.png */ = {isa = PBXFileReference; lastKnownFileType = image.png; path = "Default@2x.png"; sourceTree = "<group>"; };
		B28D144516FDDD7000CC1825 /* Default-568h@2x.png */ = {isa = PBXFileReference; lastKnownFileType = image.png; path = "Default-568h@2x.png"; sourceTree = "<group>"; };
		B28D144716FDDD7000CC1825 /* ViewController.h */ = {isa = PBXFileReference; lastKnownFileType = sourcecode.c.h; path = ViewController.h; sourceTree = "<group>"; };
		B28D144816FDDD7000CC1825 /* ViewController.m */ = {isa = PBXFileReference; lastKnownFileType = sourcecode.c.objc; path = ViewController.m; sourceTree = "<group>"; };
		B28D144B16FDDD7000CC1825 /* en */ = {isa = PBXFileReference; lastKnownFileType = file.xib; name = en; path = en.lproj/ViewController.xib; sourceTree = "<group>"; };
/* End PBXFileReference section */

/* Begin PBXFrameworksBuildPhase section */
		B28D142916FDDD7000CC1825 /* Frameworks */ = {
			isa = PBXFrameworksBuildPhase;
			buildActionMask = 2147483647;
			files = (
				B28D143016FDDD7000CC1825 /* UIKit.framework in Frameworks */,
				B28D143216FDDD7000CC1825 /* Foundation.framework in Frameworks */,
				B28D143416FDDD7000CC1825 /* CoreGraphics.framework in Frameworks */,
			);
			runOnlyForDeploymentPostprocessing = 0;
		};
/* End PBXFrameworksBuildPhase section */

/* Begin PBXGroup section */
		B28D142316FDDD7000CC1825 = {
			isa = PBXGroup;
			children = (
				B28D143516FDDD7000CC1825 /* RGBSlider */,
				B28D142E16FDDD7000CC1825 /* Frameworks */,
				B28D142D16FDDD7000CC1825 /* Products */,
			);
			sourceTree = "<group>";
		};
		B28D142D16FDDD7000CC1825 /* Products */ = {
			isa = PBXGroup;
			children = (
				B28D142C16FDDD7000CC1825 /* RGBSlider.app */,
			);
			name = Products;
			sourceTree = "<group>";
		};
		B28D142E16FDDD7000CC1825 /* Frameworks */ = {
			isa = PBXGroup;
			children = (
				B28D142F16FDDD7000CC1825 /* UIKit.framework */,
				B28D143116FDDD7000CC1825 /* Foundation.framework */,
				B28D143316FDDD7000CC1825 /* CoreGraphics.framework */,
			);
			name = Frameworks;
			sourceTree = "<group>";
		};
		B28D143516FDDD7000CC1825 /* RGBSlider */ = {
			isa = PBXGroup;
			children = (
				B28D143E16FDDD7000CC1825 /* AppDelegate.h */,
				B28D143F16FDDD7000CC1825 /* AppDelegate.m */,
				B28D144716FDDD7000CC1825 /* ViewController.h */,
				B28D144816FDDD7000CC1825 /* ViewController.m */,
				B28D144A16FDDD7000CC1825 /* ViewController.xib */,
				B28D143616FDDD7000CC1825 /* Supporting Files */,
			);
			path = RGBSlider;
			sourceTree = "<group>";
		};
		B28D143616FDDD7000CC1825 /* Supporting Files */ = {
			isa = PBXGroup;
			children = (
				B28D143716FDDD7000CC1825 /* RGBSlider-Info.plist */,
				B28D143816FDDD7000CC1825 /* InfoPlist.strings */,
				B28D143B16FDDD7000CC1825 /* main.m */,
				B28D143D16FDDD7000CC1825 /* RGBSlider-Prefix.pch */,
				B28D144116FDDD7000CC1825 /* Default.png */,
				B28D144316FDDD7000CC1825 /* Default@2x.png */,
				B28D144516FDDD7000CC1825 /* Default-568h@2x.png */,
			);
			name = "Supporting Files";
			sourceTree = "<group>";
		};
/* End PBXGroup section */

/* Begin PBXNativeTarget section */
		B28D142B16FDDD7000CC1825 /* RGBSlider */ = {
			isa = PBXNativeTarget;
			buildConfigurationList = B28D144F16FDDD7000CC1825 /* Build configuration list for PBXNativeTarget "RGBSlider" */;
			buildPhases = (
				B28D142816FDDD7000CC1825 /* Sources */,
				B28D142916FDDD7000CC1825 /* Frameworks */,
				B28D142A16FDDD7000CC1825 /* Resources */,
			);
			buildRules = (
			);
			dependencies = (
			);
			name = RGBSlider;
			productName = RGBSlider;
			productReference = B28D142C16FDDD7000CC1825 /* RGBSlider.app */;
			productType = "com.apple.product-type.application";
		};
/* End PBXNativeTarget section */

/* Begin PBXProject section */
		B28D142416FDDD7000CC1825 /* Project object */ = {
			isa = PBXProject;
			attributes = {
				LastUpgradeCheck = 0460;
				ORGANIZATIONNAME = 42games;
			};
			buildConfigurationList = B28D142716FDDD7000CC1825 /* Build configuration list for PBXProject "RGBSlider" */;
			compatibilityVersion = "Xcode 3.2";
			developmentRegion = English;
			hasScannedForEncodings = 0;
			knownRegions = (
				en,
			);
			mainGroup = B28D142316FDDD7000CC1825;
			productRefGroup = B28D142D16FDDD7000CC1825 /* Products */;
			projectDirPath = "";
			projectRoot = "";
			targets = (
				B28D142B16FDDD7000CC1825 /* RGBSlider */,
			);
		};
/* End PBXProject section */

/* Begin PBXResourcesBuildPhase section */
		B28D142A16FDDD7000CC1825 /* Resources */ = {
			isa = PBXResourcesBuildPhase;
			buildActionMask = 2147483647;
			files = (
				B28D143A16FDDD7000CC1825 /* InfoPlist.strings in Resources */,
				B28D144216FDDD7000CC1825 /* Default.png in Resources */,
				B28D144416FDDD7000CC1825 /* Default@2x.png in Resources */,
				B28D144616FDDD7000CC1825 /* Default-568h@2x.png in Resources */,
				B28D144C16FDDD7000CC1825 /* ViewController.xib in Resources */,
			);
			runOnlyForDeploymentPostprocessing = 0;
		};
/* End PBXResourcesBuildPhase section */

/* Begin PBXSourcesBuildPhase section */
		B28D142816FDDD7000CC1825 /* Sources */ = {
			isa = PBXSourcesBuildPhase;
			buildActionMask = 2147483647;
			files = (
				B28D143C16FDDD7000CC1825 /* main.m in Sources */,
				B28D144016FDDD7000CC1825 /* AppDelegate.m in Sources */,
				B28D144916FDDD7000CC1825 /* ViewController.m in Sources */,
			);
			runOnlyForDeploymentPostprocessing = 0;
		};
/* End PBXSourcesBuildPhase section */

/* Begin PBXVariantGroup section */
		B28D143816FDDD7000CC1825 /* InfoPlist.strings */ = {
			isa = PBXVariantGroup;
			children = (
				B28D143916FDDD7000CC1825 /* en */,
			);
			name = InfoPlist.strings;
			sourceTree = "<group>";
		};
		B28D144A16FDDD7000CC1825 /* ViewController.xib */ = {
			isa = PBXVariantGroup;
			children = (
				B28D144B16FDDD7000CC1825 /* en */,
			);
			name = ViewController.xib;
			sourceTree = "<group>";
		};
/* End PBXVariantGroup section */

/* Begin XCBuildConfiguration section */
		B28D144D16FDDD7000CC1825 /* Debug */ = {
			isa = XCBuildConfiguration;
			buildSettings = {
				ALWAYS_SEARCH_USER_PATHS = NO;
				CLANG_CXX_LANGUAGE_STANDARD = "gnu++0x";
				CLANG_CXX_LIBRARY = "libc++";
				CLANG_ENABLE_OBJC_ARC = YES;
				CLANG_WARN_CONSTANT_CONVERSION = YES;
				CLANG_WARN_EMPTY_BODY = YES;
				CLANG_WARN_ENUM_CONVERSION = YES;
				CLANG_WARN_INT_CONVERSION = YES;
				CLANG_WARN__DUPLICATE_METHOD_MATCH = YES;
				"CODE_SIGN_IDENTITY[sdk=iphoneos*]" = "iPhone Developer";
				COPY_PHASE_STRIP = NO;
				GCC_C_LANGUAGE_STANDARD = gnu99;
				GCC_DYNAMIC_NO_PIC = NO;
				GCC_OPTIMIZATION_LEVEL = 0;
				GCC_PREPROCESSOR_DEFINITIONS = (
					"DEBUG=1",
					"$(inherited)",
				);
				GCC_SYMBOLS_PRIVATE_EXTERN = NO;
				GCC_WARN_ABOUT_RETURN_TYPE = YES;
				GCC_WARN_UNINITIALIZED_AUTOS = YES;
				GCC_WARN_UNUSED_VARIABLE = YES;
				IPHONEOS_DEPLOYMENT_TARGET = 6.1;
				ONLY_ACTIVE_ARCH = YES;
				SDKROOT = iphoneos;
			};
			name = Debug;
		};
		B28D144E16FDDD7000CC1825 /* Release */ = {
			isa = XCBuildConfiguration;
			buildSettings = {
				ALWAYS_SEARCH_USER_PATHS = NO;
				CLANG_CXX_LANGUAGE_STANDARD = "gnu++0x";
				CLANG_CXX_LIBRARY = "libc++";
				CLANG_ENABLE_OBJC_ARC = YES;
				CLANG_WARN_CONSTANT_CONVERSION = YES;
				CLANG_WARN_EMPTY_BODY = YES;
				CLANG_WARN_ENUM_CONVERSION = YES;
				CLANG_WARN_INT_CONVERSION = YES;
				CLANG_WARN__DUPLICATE_METHOD_MATCH = YES;
				"CODE_SIGN_IDENTITY[sdk=iphoneos*]" = "iPhone Developer";
				COPY_PHASE_STRIP = YES;
				GCC_C_LANGUAGE_STANDARD = gnu99;
				GCC_WARN_ABOUT_RETURN_TYPE = YES;
				GCC_WARN_UNINITIALIZED_AUTOS = YES;
				GCC_WARN_UNUSED_VARIABLE = YES;
				IPHONEOS_DEPLOYMENT_TARGET = 6.1;
				OTHER_CFLAGS = "-DNS_BLOCK_ASSERTIONS=1";
				SDKROOT = iphoneos;
				VALIDATE_PRODUCT = YES;
			};
			name = Release;
		};
		B28D145016FDDD7000CC1825 /* Debug */ = {
			isa = XCBuildConfiguration;
			buildSettings = {
				GCC_PRECOMPILE_PREFIX_HEADER = YES;
				GCC_PREFIX_HEADER = "RGBSlider/RGBSlider-Prefix.pch";
				INFOPLIST_FILE = "RGBSlider/RGBSlider-Info.plist";
				PRODUCT_NAME = "$(TARGET_NAME)";
				WRAPPER_EXTENSION = app;
			};
			name = Debug;
		};
		B28D145116FDDD7000CC1825 /* Release */ = {
			isa = XCBuildConfiguration;
			buildSettings = {
				GCC_PRECOMPILE_PREFIX_HEADER = YES;
				GCC_PREFIX_HEADER = "RGBSlider/RGBSlider-Prefix.pch";
				INFOPLIST_FILE = "RGBSlider/RGBSlider-Info.plist";
				PRODUCT_NAME = "$(TARGET_NAME)";
				WRAPPER_EXTENSION = app;
			};
			name = Release;
		};
/* End XCBuildConfiguration section */

/* Begin XCConfigurationList section */
		B28D142716FDDD7000CC1825 /* Build configuration list for PBXProject "RGBSlider" */ = {
			isa = XCConfigurationList;
			buildConfigurations = (
				B28D144D16FDDD7000CC1825 /* Debug */,
				B28D144E16FDDD7000CC1825 /* Release */,
			);
			defaultConfigurationIsVisible = 0;
			defaultConfigurationName = Release;
		};
		B28D144F16FDDD7000CC1825 /* Build configuration list for PBXNativeTarget "RGBSlider" */ = {
			isa = XCConfigurationList;
			buildConfigurations = (
				B28D145016FDDD7000CC1825 /* Debug */,
				B28D145116FDDD7000CC1825 /* Release */,
			);
			defaultConfigurationIsVisible = 0;
		};
/* End XCConfigurationList section */
	};
	rootObject = B28D142416FDDD7000CC1825 /* Project object */;
}
