// !$*UTF8*$!
{
	archiveVersion = 1;
	classes = {
	};
	objectVersion = 46;
	objects = {

/* Begin PBXBuildFile section */
		B209034118004814008B407E /* UIKit.framework in Frameworks */ = {isa = PBXBuildFile; fileRef = B209034018004814008B407E /* UIKit.framework */; };
		B209034318004814008B407E /* Foundation.framework in Frameworks */ = {isa = PBXBuildFile; fileRef = B209034218004814008B407E /* Foundation.framework */; };
		B209034518004814008B407E /* CoreGraphics.framework in Frameworks */ = {isa = PBXBuildFile; fileRef = B209034418004814008B407E /* CoreGraphics.framework */; };
		B209034B18004814008B407E /* InfoPlist.strings in Resources */ = {isa = PBXBuildFile; fileRef = B209034918004814008B407E /* InfoPlist.strings */; };
		B209034D18004814008B407E /* main.m in Sources */ = {isa = PBXBuildFile; fileRef = B209034C18004814008B407E /* main.m */; };
		B209035118004814008B407E /* AppDelegate.m in Sources */ = {isa = PBXBuildFile; fileRef = B209035018004814008B407E /* AppDelegate.m */; };
		B209035318004814008B407E /* Default.png in Resources */ = {isa = PBXBuildFile; fileRef = B209035218004814008B407E /* Default.png */; };
		B209035518004814008B407E /* Default@2x.png in Resources */ = {isa = PBXBuildFile; fileRef = B209035418004814008B407E /* Default@2x.png */; };
		B209035718004814008B407E /* Default-568h@2x.png in Resources */ = {isa = PBXBuildFile; fileRef = B209035618004814008B407E /* Default-568h@2x.png */; };
		B209035A18004814008B407E /* ViewController.m in Sources */ = {isa = PBXBuildFile; fileRef = B209035918004814008B407E /* ViewController.m */; };
		B209035D18004814008B407E /* ViewController.xib in Resources */ = {isa = PBXBuildFile; fileRef = B209035B18004814008B407E /* ViewController.xib */; };
		B2090378180048BB008B407E /* AFHTTPClient.m in Sources */ = {isa = PBXBuildFile; fileRef = B2090366180048BB008B407E /* AFHTTPClient.m */; };
		B2090379180048BB008B407E /* AFHTTPRequestOperation.m in Sources */ = {isa = PBXBuildFile; fileRef = B2090368180048BB008B407E /* AFHTTPRequestOperation.m */; };
		B209037A180048BB008B407E /* AFImageRequestOperation.m in Sources */ = {isa = PBXBuildFile; fileRef = B209036A180048BB008B407E /* AFImageRequestOperation.m */; };
		B209037B180048BB008B407E /* AFJSONRequestOperation.m in Sources */ = {isa = PBXBuildFile; fileRef = B209036C180048BB008B407E /* AFJSONRequestOperation.m */; };
		B209037C180048BB008B407E /* AFNetworkActivityIndicatorManager.m in Sources */ = {isa = PBXBuildFile; fileRef = B209036E180048BB008B407E /* AFNetworkActivityIndicatorManager.m */; };
		B209037D180048BB008B407E /* AFPropertyListRequestOperation.m in Sources */ = {isa = PBXBuildFile; fileRef = B2090371180048BB008B407E /* AFPropertyListRequestOperation.m */; };
		B209037E180048BB008B407E /* AFURLConnectionOperation.m in Sources */ = {isa = PBXBuildFile; fileRef = B2090373180048BB008B407E /* AFURLConnectionOperation.m */; };
		B209037F180048BB008B407E /* AFXMLRequestOperation.m in Sources */ = {isa = PBXBuildFile; fileRef = B2090375180048BB008B407E /* AFXMLRequestOperation.m */; };
		B2090380180048BB008B407E /* UIImageView+AFNetworking.m in Sources */ = {isa = PBXBuildFile; fileRef = B2090377180048BB008B407E /* UIImageView+AFNetworking.m */; };
		B209038218004C55008B407E /* Security.framework in Frameworks */ = {isa = PBXBuildFile; fileRef = B209038118004C55008B407E /* Security.framework */; };
		B209038518004F58008B407E /* UIView+Position.m in Sources */ = {isa = PBXBuildFile; fileRef = B209038418004F58008B407E /* UIView+Position.m */; };
/* End PBXBuildFile section */

/* Begin PBXFileReference section */
		B209033D18004814008B407E /* NetworkImageDemo.app */ = {isa = PBXFileReference; explicitFileType = wrapper.application; includeInIndex = 0; path = NetworkImageDemo.app; sourceTree = BUILT_PRODUCTS_DIR; };
		B209034018004814008B407E /* UIKit.framework */ = {isa = PBXFileReference; lastKnownFileType = wrapper.framework; name = UIKit.framework; path = System/Library/Frameworks/UIKit.framework; sourceTree = SDKROOT; };
		B209034218004814008B407E /* Foundation.framework */ = {isa = PBXFileReference; lastKnownFileType = wrapper.framework; name = Foundation.framework; path = System/Library/Frameworks/Foundation.framework; sourceTree = SDKROOT; };
		B209034418004814008B407E /* CoreGraphics.framework */ = {isa = PBXFileReference; lastKnownFileType = wrapper.framework; name = CoreGraphics.framework; path = System/Library/Frameworks/CoreGraphics.framework; sourceTree = SDKROOT; };
		B209034818004814008B407E /* NetworkImageDemo-Info.plist */ = {isa = PBXFileReference; lastKnownFileType = text.plist.xml; path = "NetworkImageDemo-Info.plist"; sourceTree = "<group>"; };
		B209034A18004814008B407E /* en */ = {isa = PBXFileReference; lastKnownFileType = text.plist.strings; name = en; path = en.lproj/InfoPlist.strings; sourceTree = "<group>"; };
		B209034C18004814008B407E /* main.m */ = {isa = PBXFileReference; lastKnownFileType = sourcecode.c.objc; path = main.m; sourceTree = "<group>"; };
		B209034E18004814008B407E /* NetworkImageDemo-Prefix.pch */ = {isa = PBXFileReference; lastKnownFileType = sourcecode.c.h; path = "NetworkImageDemo-Prefix.pch"; sourceTree = "<group>"; };
		B209034F18004814008B407E /* AppDelegate.h */ = {isa = PBXFileReference; lastKnownFileType = sourcecode.c.h; path = AppDelegate.h; sourceTree = "<group>"; };
		B209035018004814008B407E /* AppDelegate.m */ = {isa = PBXFileReference; lastKnownFileType = sourcecode.c.objc; path = AppDelegate.m; sourceTree = "<group>"; };
		B209035218004814008B407E /* Default.png */ = {isa = PBXFileReference; lastKnownFileType = image.png; path = Default.png; sourceTree = "<group>"; };
		B209035418004814008B407E /* Default@2x.png */ = {isa = PBXFileReference; lastKnownFileType = image.png; path = "Default@2x.png"; sourceTree = "<group>"; };
		B209035618004814008B407E /* Default-568h@2x.png */ = {isa = PBXFileReference; lastKnownFileType = image.png; path = "Default-568h@2x.png"; sourceTree = "<group>"; };
		B209035818004814008B407E /* ViewController.h */ = {isa = PBXFileReference; lastKnownFileType = sourcecode.c.h; path = ViewController.h; sourceTree = "<group>"; };
		B209035918004814008B407E /* ViewController.m */ = {isa = PBXFileReference; lastKnownFileType = sourcecode.c.objc; path = ViewController.m; sourceTree = "<group>"; };
		B209035C18004814008B407E /* en */ = {isa = PBXFileReference; lastKnownFileType = file.xib; name = en; path = en.lproj/ViewController.xib; sourceTree = "<group>"; };
		B2090365180048BB008B407E /* AFHTTPClient.h */ = {isa = PBXFileReference; fileEncoding = 4; lastKnownFileType = sourcecode.c.h; path = AFHTTPClient.h; sourceTree = "<group>"; };
		B2090366180048BB008B407E /* AFHTTPClient.m */ = {isa = PBXFileReference; fileEncoding = 4; lastKnownFileType = sourcecode.c.objc; path = AFHTTPClient.m; sourceTree = "<group>"; };
		B2090367180048BB008B407E /* AFHTTPRequestOperation.h */ = {isa = PBXFileReference; fileEncoding = 4; lastKnownFileType = sourcecode.c.h; path = AFHTTPRequestOperation.h; sourceTree = "<group>"; };
		B2090368180048BB008B407E /* AFHTTPRequestOperation.m */ = {isa = PBXFileReference; fileEncoding = 4; lastKnownFileType = sourcecode.c.objc; path = AFHTTPRequestOperation.m; sourceTree = "<group>"; };
		B2090369180048BB008B407E /* AFImageRequestOperation.h */ = {isa = PBXFileReference; fileEncoding = 4; lastKnownFileType = sourcecode.c.h; path = AFImageRequestOperation.h; sourceTree = "<group>"; };
		B209036A180048BB008B407E /* AFImageRequestOperation.m */ = {isa = PBXFileReference; fileEncoding = 4; lastKnownFileType = sourcecode.c.objc; path = AFImageRequestOperation.m; sourceTree = "<group>"; };
		B209036B180048BB008B407E /* AFJSONRequestOperation.h */ = {isa = PBXFileReference; fileEncoding = 4; lastKnownFileType = sourcecode.c.h; path = AFJSONRequestOperation.h; sourceTree = "<group>"; };
		B209036C180048BB008B407E /* AFJSONRequestOperation.m */ = {isa = PBXFileReference; fileEncoding = 4; lastKnownFileType = sourcecode.c.objc; path = AFJSONRequestOperation.m; sourceTree = "<group>"; };
		B209036D180048BB008B407E /* AFNetworkActivityIndicatorManager.h */ = {isa = PBXFileReference; fileEncoding = 4; lastKnownFileType = sourcecode.c.h; path = AFNetworkActivityIndicatorManager.h; sourceTree = "<group>"; };
		B209036E180048BB008B407E /* AFNetworkActivityIndicatorManager.m */ = {isa = PBXFileReference; fileEncoding = 4; lastKnownFileType = sourcecode.c.objc; path = AFNetworkActivityIndicatorManager.m; sourceTree = "<group>"; };
		B209036F180048BB008B407E /* AFNetworking.h */ = {isa = PBXFileReference; fileEncoding = 4; lastKnownFileType = sourcecode.c.h; path = AFNetworking.h; sourceTree = "<group>"; };
		B2090370180048BB008B407E /* AFPropertyListRequestOperation.h */ = {isa = PBXFileReference; fileEncoding = 4; lastKnownFileType = sourcecode.c.h; path = AFPropertyListRequestOperation.h; sourceTree = "<group>"; };
		B2090371180048BB008B407E /* AFPropertyListRequestOperation.m */ = {isa = PBXFileReference; fileEncoding = 4; lastKnownFileType = sourcecode.c.objc; path = AFPropertyListRequestOperation.m; sourceTree = "<group>"; };
		B2090372180048BB008B407E /* AFURLConnectionOperation.h */ = {isa = PBXFileReference; fileEncoding = 4; lastKnownFileType = sourcecode.c.h; path = AFURLConnectionOperation.h; sourceTree = "<group>"; };
		B2090373180048BB008B407E /* AFURLConnectionOperation.m */ = {isa = PBXFileReference; fileEncoding = 4; lastKnownFileType = sourcecode.c.objc; path = AFURLConnectionOperation.m; sourceTree = "<group>"; };
		B2090374180048BB008B407E /* AFXMLRequestOperation.h */ = {isa = PBXFileReference; fileEncoding = 4; lastKnownFileType = sourcecode.c.h; path = AFXMLRequestOperation.h; sourceTree = "<group>"; };
		B2090375180048BB008B407E /* AFXMLRequestOperation.m */ = {isa = PBXFileReference; fileEncoding = 4; lastKnownFileType = sourcecode.c.objc; path = AFXMLRequestOperation.m; sourceTree = "<group>"; };
		B2090376180048BB008B407E /* UIImageView+AFNetworking.h */ = {isa = PBXFileReference; fileEncoding = 4; lastKnownFileType = sourcecode.c.h; path = "UIImageView+AFNetworking.h"; sourceTree = "<group>"; };
		B2090377180048BB008B407E /* UIImageView+AFNetworking.m */ = {isa = PBXFileReference; fileEncoding = 4; lastKnownFileType = sourcecode.c.objc; path = "UIImageView+AFNetworking.m"; sourceTree = "<group>"; };
		B209038118004C55008B407E /* Security.framework */ = {isa = PBXFileReference; lastKnownFileType = wrapper.framework; name = Security.framework; path = System/Library/Frameworks/Security.framework; sourceTree = SDKROOT; };
		B209038318004F58008B407E /* UIView+Position.h */ = {isa = PBXFileReference; fileEncoding = 4; lastKnownFileType = sourcecode.c.h; path = "UIView+Position.h"; sourceTree = "<group>"; };
		B209038418004F58008B407E /* UIView+Position.m */ = {isa = PBXFileReference; fileEncoding = 4; lastKnownFileType = sourcecode.c.objc; path = "UIView+Position.m"; sourceTree = "<group>"; };
/* End PBXFileReference section */

/* Begin PBXFrameworksBuildPhase section */
		B209033A18004814008B407E /* Frameworks */ = {
			isa = PBXFrameworksBuildPhase;
			buildActionMask = 2147483647;
			files = (
				B209038218004C55008B407E /* Security.framework in Frameworks */,
				B209034118004814008B407E /* UIKit.framework in Frameworks */,
				B209034318004814008B407E /* Foundation.framework in Frameworks */,
				B209034518004814008B407E /* CoreGraphics.framework in Frameworks */,
			);
			runOnlyForDeploymentPostprocessing = 0;
		};
/* End PBXFrameworksBuildPhase section */

/* Begin PBXGroup section */
		B209033418004814008B407E = {
			isa = PBXGroup;
			children = (
				B209038118004C55008B407E /* Security.framework */,
				B2090363180048BB008B407E /* vendors */,
				B209034618004814008B407E /* NetworkImageDemo */,
				B209033F18004814008B407E /* Frameworks */,
				B209033E18004814008B407E /* Products */,
			);
			sourceTree = "<group>";
		};
		B209033E18004814008B407E /* Products */ = {
			isa = PBXGroup;
			children = (
				B209033D18004814008B407E /* NetworkImageDemo.app */,
			);
			name = Products;
			sourceTree = "<group>";
		};
		B209033F18004814008B407E /* Frameworks */ = {
			isa = PBXGroup;
			children = (
				B209034018004814008B407E /* UIKit.framework */,
				B209034218004814008B407E /* Foundation.framework */,
				B209034418004814008B407E /* CoreGraphics.framework */,
			);
			name = Frameworks;
			sourceTree = "<group>";
		};
		B209034618004814008B407E /* NetworkImageDemo */ = {
			isa = PBXGroup;
			children = (
				B209034F18004814008B407E /* AppDelegate.h */,
				B209035018004814008B407E /* AppDelegate.m */,
				B209035818004814008B407E /* ViewController.h */,
				B209035918004814008B407E /* ViewController.m */,
				B209035B18004814008B407E /* ViewController.xib */,
				B209034718004814008B407E /* Supporting Files */,
				B209038318004F58008B407E /* UIView+Position.h */,
				B209038418004F58008B407E /* UIView+Position.m */,
			);
			path = NetworkImageDemo;
			sourceTree = "<group>";
		};
		B209034718004814008B407E /* Supporting Files */ = {
			isa = PBXGroup;
			children = (
				B209034818004814008B407E /* NetworkImageDemo-Info.plist */,
				B209034918004814008B407E /* InfoPlist.strings */,
				B209034C18004814008B407E /* main.m */,
				B209034E18004814008B407E /* NetworkImageDemo-Prefix.pch */,
				B209035218004814008B407E /* Default.png */,
				B209035418004814008B407E /* Default@2x.png */,
				B209035618004814008B407E /* Default-568h@2x.png */,
			);
			name = "Supporting Files";
			sourceTree = "<group>";
		};
		B2090363180048BB008B407E /* vendors */ = {
			isa = PBXGroup;
			children = (
				B2090364180048BB008B407E /* AFNetworking */,
			);
			path = vendors;
			sourceTree = "<group>";
		};
		B2090364180048BB008B407E /* AFNetworking */ = {
			isa = PBXGroup;
			children = (
				B2090365180048BB008B407E /* AFHTTPClient.h */,
				B2090366180048BB008B407E /* AFHTTPClient.m */,
				B2090367180048BB008B407E /* AFHTTPRequestOperation.h */,
				B2090368180048BB008B407E /* AFHTTPRequestOperation.m */,
				B2090369180048BB008B407E /* AFImageRequestOperation.h */,
				B209036A180048BB008B407E /* AFImageRequestOperation.m */,
				B209036B180048BB008B407E /* AFJSONRequestOperation.h */,
				B209036C180048BB008B407E /* AFJSONRequestOperation.m */,
				B209036D180048BB008B407E /* AFNetworkActivityIndicatorManager.h */,
				B209036E180048BB008B407E /* AFNetworkActivityIndicatorManager.m */,
				B209036F180048BB008B407E /* AFNetworking.h */,
				B2090370180048BB008B407E /* AFPropertyListRequestOperation.h */,
				B2090371180048BB008B407E /* AFPropertyListRequestOperation.m */,
				B2090372180048BB008B407E /* AFURLConnectionOperation.h */,
				B2090373180048BB008B407E /* AFURLConnectionOperation.m */,
				B2090374180048BB008B407E /* AFXMLRequestOperation.h */,
				B2090375180048BB008B407E /* AFXMLRequestOperation.m */,
				B2090376180048BB008B407E /* UIImageView+AFNetworking.h */,
				B2090377180048BB008B407E /* UIImageView+AFNetworking.m */,
			);
			path = AFNetworking;
			sourceTree = "<group>";
		};
/* End PBXGroup section */

/* Begin PBXNativeTarget section */
		B209033C18004814008B407E /* NetworkImageDemo */ = {
			isa = PBXNativeTarget;
			buildConfigurationList = B209036018004814008B407E /* Build configuration list for PBXNativeTarget "NetworkImageDemo" */;
			buildPhases = (
				B209033918004814008B407E /* Sources */,
				B209033A18004814008B407E /* Frameworks */,
				B209033B18004814008B407E /* Resources */,
			);
			buildRules = (
			);
			dependencies = (
			);
			name = NetworkImageDemo;
			productName = NetworkImageDemo;
			productReference = B209033D18004814008B407E /* NetworkImageDemo.app */;
			productType = "com.apple.product-type.application";
		};
/* End PBXNativeTarget section */

/* Begin PBXProject section */
		B209033518004814008B407E /* Project object */ = {
			isa = PBXProject;
			attributes = {
				LastUpgradeCheck = 0460;
				ORGANIZATIONNAME = Thomas;
			};
			buildConfigurationList = B209033818004814008B407E /* Build configuration list for PBXProject "NetworkImageDemo" */;
			compatibilityVersion = "Xcode 3.2";
			developmentRegion = English;
			hasScannedForEncodings = 0;
			knownRegions = (
				en,
			);
			mainGroup = B209033418004814008B407E;
			productRefGroup = B209033E18004814008B407E /* Products */;
			projectDirPath = "";
			projectRoot = "";
			targets = (
				B209033C18004814008B407E /* NetworkImageDemo */,
			);
		};
/* End PBXProject section */

/* Begin PBXResourcesBuildPhase section */
		B209033B18004814008B407E /* Resources */ = {
			isa = PBXResourcesBuildPhase;
			buildActionMask = 2147483647;
			files = (
				B209034B18004814008B407E /* InfoPlist.strings in Resources */,
				B209035318004814008B407E /* Default.png in Resources */,
				B209035518004814008B407E /* Default@2x.png in Resources */,
				B209035718004814008B407E /* Default-568h@2x.png in Resources */,
				B209035D18004814008B407E /* ViewController.xib in Resources */,
			);
			runOnlyForDeploymentPostprocessing = 0;
		};
/* End PBXResourcesBuildPhase section */

/* Begin PBXSourcesBuildPhase section */
		B209033918004814008B407E /* Sources */ = {
			isa = PBXSourcesBuildPhase;
			buildActionMask = 2147483647;
			files = (
				B209034D18004814008B407E /* main.m in Sources */,
				B209035118004814008B407E /* AppDelegate.m in Sources */,
				B209035A18004814008B407E /* ViewController.m in Sources */,
				B2090378180048BB008B407E /* AFHTTPClient.m in Sources */,
				B2090379180048BB008B407E /* AFHTTPRequestOperation.m in Sources */,
				B209037A180048BB008B407E /* AFImageRequestOperation.m in Sources */,
				B209037B180048BB008B407E /* AFJSONRequestOperation.m in Sources */,
				B209037C180048BB008B407E /* AFNetworkActivityIndicatorManager.m in Sources */,
				B209037D180048BB008B407E /* AFPropertyListRequestOperation.m in Sources */,
				B209037E180048BB008B407E /* AFURLConnectionOperation.m in Sources */,
				B209037F180048BB008B407E /* AFXMLRequestOperation.m in Sources */,
				B2090380180048BB008B407E /* UIImageView+AFNetworking.m in Sources */,
				B209038518004F58008B407E /* UIView+Position.m in Sources */,
			);
			runOnlyForDeploymentPostprocessing = 0;
		};
/* End PBXSourcesBuildPhase section */

/* Begin PBXVariantGroup section */
		B209034918004814008B407E /* InfoPlist.strings */ = {
			isa = PBXVariantGroup;
			children = (
				B209034A18004814008B407E /* en */,
			);
			name = InfoPlist.strings;
			sourceTree = "<group>";
		};
		B209035B18004814008B407E /* ViewController.xib */ = {
			isa = PBXVariantGroup;
			children = (
				B209035C18004814008B407E /* en */,
			);
			name = ViewController.xib;
			sourceTree = "<group>";
		};
/* End PBXVariantGroup section */

/* Begin XCBuildConfiguration section */
		B209035E18004814008B407E /* Debug */ = {
			isa = XCBuildConfiguration;
			buildSettings = {
				ALWAYS_SEARCH_USER_PATHS = NO;
				CLANG_CXX_LANGUAGE_STANDARD = "gnu++0x";
				CLANG_CXX_LIBRARY = "libc++";
				CLANG_ENABLE_OBJC_ARC = YES;
				CLANG_WARN_CONSTANT_CONVERSION = YES;
				CLANG_WARN_EMPTY_BODY = YES;
				CLANG_WARN_ENUM_CONVERSION = YES;
				CLANG_WARN_INT_CONVERSION = YES;
				CLANG_WARN__DUPLICATE_METHOD_MATCH = YES;
				"CODE_SIGN_IDENTITY[sdk=iphoneos*]" = "iPhone Developer";
				COPY_PHASE_STRIP = NO;
				GCC_C_LANGUAGE_STANDARD = gnu99;
				GCC_DYNAMIC_NO_PIC = NO;
				GCC_OPTIMIZATION_LEVEL = 0;
				GCC_PREPROCESSOR_DEFINITIONS = (
					"DEBUG=1",
					"$(inherited)",
				);
				GCC_SYMBOLS_PRIVATE_EXTERN = NO;
				GCC_WARN_ABOUT_RETURN_TYPE = YES;
				GCC_WARN_UNINITIALIZED_AUTOS = YES;
				GCC_WARN_UNUSED_VARIABLE = YES;
				IPHONEOS_DEPLOYMENT_TARGET = 6.1;
				ONLY_ACTIVE_ARCH = YES;
				SDKROOT = iphoneos;
			};
			name = Debug;
		};
		B209035F18004814008B407E /* Release */ = {
			isa = XCBuildConfiguration;
			buildSettings = {
				ALWAYS_SEARCH_USER_PATHS = NO;
				CLANG_CXX_LANGUAGE_STANDARD = "gnu++0x";
				CLANG_CXX_LIBRARY = "libc++";
				CLANG_ENABLE_OBJC_ARC = YES;
				CLANG_WARN_CONSTANT_CONVERSION = YES;
				CLANG_WARN_EMPTY_BODY = YES;
				CLANG_WARN_ENUM_CONVERSION = YES;
				CLANG_WARN_INT_CONVERSION = YES;
				CLANG_WARN__DUPLICATE_METHOD_MATCH = YES;
				"CODE_SIGN_IDENTITY[sdk=iphoneos*]" = "iPhone Developer";
				COPY_PHASE_STRIP = YES;
				GCC_C_LANGUAGE_STANDARD = gnu99;
				GCC_WARN_ABOUT_RETURN_TYPE = YES;
				GCC_WARN_UNINITIALIZED_AUTOS = YES;
				GCC_WARN_UNUSED_VARIABLE = YES;
				IPHONEOS_DEPLOYMENT_TARGET = 6.1;
				OTHER_CFLAGS = "-DNS_BLOCK_ASSERTIONS=1";
				SDKROOT = iphoneos;
				VALIDATE_PRODUCT = YES;
			};
			name = Release;
		};
		B209036118004814008B407E /* Debug */ = {
			isa = XCBuildConfiguration;
			buildSettings = {
				GCC_PRECOMPILE_PREFIX_HEADER = YES;
				GCC_PREFIX_HEADER = "NetworkImageDemo/NetworkImageDemo-Prefix.pch";
				INFOPLIST_FILE = "NetworkImageDemo/NetworkImageDemo-Info.plist";
				PRODUCT_NAME = "$(TARGET_NAME)";
				WRAPPER_EXTENSION = app;
			};
			name = Debug;
		};
		B209036218004814008B407E /* Release */ = {
			isa = XCBuildConfiguration;
			buildSettings = {
				GCC_PRECOMPILE_PREFIX_HEADER = YES;
				GCC_PREFIX_HEADER = "NetworkImageDemo/NetworkImageDemo-Prefix.pch";
				INFOPLIST_FILE = "NetworkImageDemo/NetworkImageDemo-Info.plist";
				PRODUCT_NAME = "$(TARGET_NAME)";
				WRAPPER_EXTENSION = app;
			};
			name = Release;
		};
/* End XCBuildConfiguration section */

/* Begin XCConfigurationList section */
		B209033818004814008B407E /* Build configuration list for PBXProject "NetworkImageDemo" */ = {
			isa = XCConfigurationList;
			buildConfigurations = (
				B209035E18004814008B407E /* Debug */,
				B209035F18004814008B407E /* Release */,
			);
			defaultConfigurationIsVisible = 0;
			defaultConfigurationName = Release;
		};
		B209036018004814008B407E /* Build configuration list for PBXNativeTarget "NetworkImageDemo" */ = {
			isa = XCConfigurationList;
			buildConfigurations = (
				B209036118004814008B407E /* Debug */,
				B209036218004814008B407E /* Release */,
			);
			defaultConfigurationIsVisible = 0;
		};
/* End XCConfigurationList section */
	};
	rootObject = B209033518004814008B407E /* Project object */;
}
